
Microsoft Visual Studio Solution File, Format Version 12.00
# Visual Studio Version 16
VisualStudioVersion = 16.0.31613.86
MinimumVisualStudioVersion = 10.0.40219.1
Project("{9A19103F-16F7-4668-BE54-9A1E7A4F7556}") = "Singleton", "Singleton\Singleton.csproj", "{6C87F25B-CCA3-4307-83B0-3A13B0E59D04}"
EndProject
Project("{9A19103F-16F7-4668-BE54-9A1E7A4F7556}") = "SingletonTests", "SingletonTests\SingletonTests.csproj", "{04C94549-71ED-4E1F-A0C0-1787ACE2516C}"
EndProject
Project("{9A19103F-16F7-4668-BE54-9A1E7A4F7556}") = "Factory", "Factory\Factory.csproj", "{C8F7633C-D5AC-43AD-A26B-C61E17317094}"
EndProject
Project("{9A19103F-16F7-4668-BE54-9A1E7A4F7556}") = "FactoryTests", "FactoryTests\FactoryTests.csproj", "{DADCC49A-9947-47F7-9EB9-31754D09D89A}"
EndProject
Project("{9A19103F-16F7-4668-BE54-9A1E7A4F7556}") = "Strategy", "Strategy\Strategy.csproj", "{B031D151-D437-4AB3-B4FB-DEC26E1E30DB}"
EndProject
Project("{9A19103F-16F7-4668-BE54-9A1E7A4F7556}") = "StrategyTests", "StrategyTests\StrategyTests.csproj", "{2D7C3205-6E86-4FFF-9046-92CC6E05D60D}"
EndProject
Project("{9A19103F-16F7-4668-BE54-9A1E7A4F7556}") = "Facade", "Facade\Facade.csproj", "{FA62BFBF-BBE1-4386-9FBE-EE77E3925ADE}"
EndProject
Project("{9A19103F-16F7-4668-BE54-9A1E7A4F7556}") = "FacadeTests", "FacadeTests\FacadeTests.csproj", "{20C8A765-ACAD-4292-B464-E5BE79FF7ACF}"
EndProject
Project("{9A19103F-16F7-4668-BE54-9A1E7A4F7556}") = "Command_Web", "Command\Command_Web.csproj", "{D8CBF07B-DE0F-43B9-A69B-3EB3FD0EC601}"
EndProject
Project("{FAE04EC0-301F-11D3-BF4B-00C04F79EFBC}") = "Command_Service", "Command_Service\Command_Service.csproj", "{A0758320-12F7-49F7-A84E-55FEDC2DB9F3}"
EndProject
Project("{FAE04EC0-301F-11D3-BF4B-00C04F79EFBC}") = "CommandTests", "CommandTests\CommandTests.csproj", "{6151A80A-D319-4EEA-99C1-5A236A662C3F}"
EndProject
Project("{FAE04EC0-301F-11D3-BF4B-00C04F79EFBC}") = "Command_Console", "Command_Console\Command_Console.csproj", "{AAB61D9B-2ED6-44DB-BCEF-928C5D346247}"
EndProject
Global
	GlobalSection(SolutionConfigurationPlatforms) = preSolution
		Debug|Any CPU = Debug|Any CPU
		Release|Any CPU = Release|Any CPU
	EndGlobalSection
	GlobalSection(ProjectConfigurationPlatforms) = postSolution
		{6C87F25B-CCA3-4307-83B0-3A13B0E59D04}.Debug|Any CPU.ActiveCfg = Debug|Any CPU
		{6C87F25B-CCA3-4307-83B0-3A13B0E59D04}.Debug|Any CPU.Build.0 = Debug|Any CPU
		{6C87F25B-CCA3-4307-83B0-3A13B0E59D04}.Release|Any CPU.ActiveCfg = Release|Any CPU
		{6C87F25B-CCA3-4307-83B0-3A13B0E59D04}.Release|Any CPU.Build.0 = Release|Any CPU
		{04C94549-71ED-4E1F-A0C0-1787ACE2516C}.Debug|Any CPU.ActiveCfg = Debug|Any CPU
		{04C94549-71ED-4E1F-A0C0-1787ACE2516C}.Debug|Any CPU.Build.0 = Debug|Any CPU
		{04C94549-71ED-4E1F-A0C0-1787ACE2516C}.Release|Any CPU.ActiveCfg = Release|Any CPU
		{04C94549-71ED-4E1F-A0C0-1787ACE2516C}.Release|Any CPU.Build.0 = Release|Any CPU
		{C8F7633C-D5AC-43AD-A26B-C61E17317094}.Debug|Any CPU.ActiveCfg = Debug|Any CPU
		{C8F7633C-D5AC-43AD-A26B-C61E17317094}.Debug|Any CPU.Build.0 = Debug|Any CPU
		{C8F7633C-D5AC-43AD-A26B-C61E17317094}.Release|Any CPU.ActiveCfg = Release|Any CPU
		{C8F7633C-D5AC-43AD-A26B-C61E17317094}.Release|Any CPU.Build.0 = Release|Any CPU
		{DADCC49A-9947-47F7-9EB9-31754D09D89A}.Debug|Any CPU.ActiveCfg = Debug|Any CPU
		{DADCC49A-9947-47F7-9EB9-31754D09D89A}.Debug|Any CPU.Build.0 = Debug|Any CPU
		{DADCC49A-9947-47F7-9EB9-31754D09D89A}.Release|Any CPU.ActiveCfg = Release|Any CPU
		{DADCC49A-9947-47F7-9EB9-31754D09D89A}.Release|Any CPU.Build.0 = Release|Any CPU
		{B031D151-D437-4AB3-B4FB-DEC26E1E30DB}.Debug|Any CPU.ActiveCfg = Debug|Any CPU
		{B031D151-D437-4AB3-B4FB-DEC26E1E30DB}.Debug|Any CPU.Build.0 = Debug|Any CPU
		{B031D151-D437-4AB3-B4FB-DEC26E1E30DB}.Release|Any CPU.ActiveCfg = Release|Any CPU
		{B031D151-D437-4AB3-B4FB-DEC26E1E30DB}.Release|Any CPU.Build.0 = Release|Any CPU
		{2D7C3205-6E86-4FFF-9046-92CC6E05D60D}.Debug|Any CPU.ActiveCfg = Debug|Any CPU
		{2D7C3205-6E86-4FFF-9046-92CC6E05D60D}.Debug|Any CPU.Build.0 = Debug|Any CPU
		{2D7C3205-6E86-4FFF-9046-92CC6E05D60D}.Release|Any CPU.ActiveCfg = Release|Any CPU
		{2D7C3205-6E86-4FFF-9046-92CC6E05D60D}.Release|Any CPU.Build.0 = Release|Any CPU
		{FA62BFBF-BBE1-4386-9FBE-EE77E3925ADE}.Debug|Any CPU.ActiveCfg = Debug|Any CPU
		{FA62BFBF-BBE1-4386-9FBE-EE77E3925ADE}.Debug|Any CPU.Build.0 = Debug|Any CPU
		{FA62BFBF-BBE1-4386-9FBE-EE77E3925ADE}.Release|Any CPU.ActiveCfg = Release|Any CPU
		{FA62BFBF-BBE1-4386-9FBE-EE77E3925ADE}.Release|Any CPU.Build.0 = Release|Any CPU
		{20C8A765-ACAD-4292-B464-E5BE79FF7ACF}.Debug|Any CPU.ActiveCfg = Debug|Any CPU
		{20C8A765-ACAD-4292-B464-E5BE79FF7ACF}.Debug|Any CPU.Build.0 = Debug|Any CPU
		{20C8A765-ACAD-4292-B464-E5BE79FF7ACF}.Release|Any CPU.ActiveCfg = Release|Any CPU
		{20C8A765-ACAD-4292-B464-E5BE79FF7ACF}.Release|Any CPU.Build.0 = Release|Any CPU
		{D8CBF07B-DE0F-43B9-A69B-3EB3FD0EC601}.Debug|Any CPU.ActiveCfg = Debug|Any CPU
		{D8CBF07B-DE0F-43B9-A69B-3EB3FD0EC601}.Debug|Any CPU.Build.0 = Debug|Any CPU
		{D8CBF07B-DE0F-43B9-A69B-3EB3FD0EC601}.Release|Any CPU.ActiveCfg = Release|Any CPU
		{D8CBF07B-DE0F-43B9-A69B-3EB3FD0EC601}.Release|Any CPU.Build.0 = Release|Any CPU
		{A0758320-12F7-49F7-A84E-55FEDC2DB9F3}.Debug|Any CPU.ActiveCfg = Debug|Any CPU
		{A0758320-12F7-49F7-A84E-55FEDC2DB9F3}.Debug|Any CPU.Build.0 = Debug|Any CPU
		{A0758320-12F7-49F7-A84E-55FEDC2DB9F3}.Release|Any CPU.ActiveCfg = Release|Any CPU
		{A0758320-12F7-49F7-A84E-55FEDC2DB9F3}.Release|Any CPU.Build.0 = Release|Any CPU
		{6151A80A-D319-4EEA-99C1-5A236A662C3F}.Debug|Any CPU.ActiveCfg = Debug|Any CPU
		{6151A80A-D319-4EEA-99C1-5A236A662C3F}.Debug|Any CPU.Build.0 = Debug|Any CPU
		{6151A80A-D319-4EEA-99C1-5A236A662C3F}.Release|Any CPU.ActiveCfg = Release|Any CPU
		{6151A80A-D319-4EEA-99C1-5A236A662C3F}.Release|Any CPU.Build.0 = Release|Any CPU
		{AAB61D9B-2ED6-44DB-BCEF-928C5D346247}.Debug|Any CPU.ActiveCfg = Debug|Any CPU
		{AAB61D9B-2ED6-44DB-BCEF-928C5D346247}.Debug|Any CPU.Build.0 = Debug|Any CPU
		{AAB61D9B-2ED6-44DB-BCEF-928C5D346247}.Release|Any CPU.ActiveCfg = Release|Any CPU
		{AAB61D9B-2ED6-44DB-BCEF-928C5D346247}.Release|Any CPU.Build.0 = Release|Any CPU
	EndGlobalSection
	GlobalSection(SolutionProperties) = preSolution
		HideSolutionNode = FALSE
	EndGlobalSection
	GlobalSection(ExtensibilityGlobals) = postSolution
		SolutionGuid = {B009035D-F5F1-40EF-9436-FB692EF6E222}
	EndGlobalSection
EndGlobal
